
Microsoft Visual Studio Solution File, Format Version 12.00
# Visual Studio 15
VisualStudioVersion = 15.0.28010.2016
MinimumVisualStudioVersion = 10.0.40219.1
Project("{2150E333-8FDC-42A3-9474-1A3956D46DE8}") = "src", "src", "{AA04039A-07E0-481B-AD6A-574538C531AE}"
EndProject
Project("{2150E333-8FDC-42A3-9474-1A3956D46DE8}") = "services", "services", "{0794999D-81AF-4E3A-ABB3-F1CC1EEFBF2A}"
EndProject
Project("{9A19103F-16F7-4668-BE54-9A1E7A4F7556}") = "ProductCatalogAPI", "ProductCatalogAPI\ProductCatalogAPI.csproj", "{D787A51F-F003-4CBE-8BD0-1C093DF45772}"
EndProject
Project("{E53339B2-1760-4266-BCC7-CA923CBCF16C}") = "docker-compose", "docker-compose.dcproj", "{4BF02B5F-1167-425C-A2B7-0E74EEAAE762}"
EndProject
Project("{2150E333-8FDC-42A3-9474-1A3956D46DE8}") = "web", "web", "{61360E08-5F3E-4433-BAF0-C11712BD49D4}"
EndProject
Project("{9A19103F-16F7-4668-BE54-9A1E7A4F7556}") = "WebMVC", "WebMVC\WebMVC.csproj", "{F87FE378-62FC-44AF-B96E-7459D2D53A27}"
EndProject
Project("{9A19103F-16F7-4668-BE54-9A1E7A4F7556}") = "TokenServiceApi", "TokenServiceApi\TokenServiceApi.csproj", "{9CE9F15E-790E-4CCE-A324-86E15B30CEB1}"
EndProject
Project("{9A19103F-16F7-4668-BE54-9A1E7A4F7556}") = "OrderApi", "OrderApi\OrderApi.csproj", "{3B502AB2-2A7A-4994-BA95-54C83A296F35}"
EndProject
Project("{9A19103F-16F7-4668-BE54-9A1E7A4F7556}") = "CartApi", "CartApi\CartApi.csproj", "{F0988FB7-1F46-41A4-8D53-4D06DBC7F3A7}"
EndProject
Global
	GlobalSection(SolutionConfigurationPlatforms) = preSolution
		Debug|Any CPU = Debug|Any CPU
		Release|Any CPU = Release|Any CPU
	EndGlobalSection
	GlobalSection(ProjectConfigurationPlatforms) = postSolution
		{D787A51F-F003-4CBE-8BD0-1C093DF45772}.Debug|Any CPU.ActiveCfg = Debug|Any CPU
		{D787A51F-F003-4CBE-8BD0-1C093DF45772}.Debug|Any CPU.Build.0 = Debug|Any CPU
		{D787A51F-F003-4CBE-8BD0-1C093DF45772}.Release|Any CPU.ActiveCfg = Release|Any CPU
		{D787A51F-F003-4CBE-8BD0-1C093DF45772}.Release|Any CPU.Build.0 = Release|Any CPU
		{4BF02B5F-1167-425C-A2B7-0E74EEAAE762}.Debug|Any CPU.ActiveCfg = Debug|Any CPU
		{4BF02B5F-1167-425C-A2B7-0E74EEAAE762}.Debug|Any CPU.Build.0 = Debug|Any CPU
		{4BF02B5F-1167-425C-A2B7-0E74EEAAE762}.Release|Any CPU.ActiveCfg = Release|Any CPU
		{4BF02B5F-1167-425C-A2B7-0E74EEAAE762}.Release|Any CPU.Build.0 = Release|Any CPU
		{F87FE378-62FC-44AF-B96E-7459D2D53A27}.Debug|Any CPU.ActiveCfg = Debug|Any CPU
		{F87FE378-62FC-44AF-B96E-7459D2D53A27}.Debug|Any CPU.Build.0 = Debug|Any CPU
		{F87FE378-62FC-44AF-B96E-7459D2D53A27}.Release|Any CPU.ActiveCfg = Release|Any CPU
		{F87FE378-62FC-44AF-B96E-7459D2D53A27}.Release|Any CPU.Build.0 = Release|Any CPU
		{9CE9F15E-790E-4CCE-A324-86E15B30CEB1}.Debug|Any CPU.ActiveCfg = Debug|Any CPU
		{9CE9F15E-790E-4CCE-A324-86E15B30CEB1}.Debug|Any CPU.Build.0 = Debug|Any CPU
		{9CE9F15E-790E-4CCE-A324-86E15B30CEB1}.Release|Any CPU.ActiveCfg = Release|Any CPU
		{9CE9F15E-790E-4CCE-A324-86E15B30CEB1}.Release|Any CPU.Build.0 = Release|Any CPU
		{3B502AB2-2A7A-4994-BA95-54C83A296F35}.Debug|Any CPU.ActiveCfg = Debug|Any CPU
		{3B502AB2-2A7A-4994-BA95-54C83A296F35}.Debug|Any CPU.Build.0 = Debug|Any CPU
		{3B502AB2-2A7A-4994-BA95-54C83A296F35}.Release|Any CPU.ActiveCfg = Release|Any CPU
		{3B502AB2-2A7A-4994-BA95-54C83A296F35}.Release|Any CPU.Build.0 = Release|Any CPU
		{F0988FB7-1F46-41A4-8D53-4D06DBC7F3A7}.Debug|Any CPU.ActiveCfg = Debug|Any CPU
		{F0988FB7-1F46-41A4-8D53-4D06DBC7F3A7}.Debug|Any CPU.Build.0 = Debug|Any CPU
		{F0988FB7-1F46-41A4-8D53-4D06DBC7F3A7}.Release|Any CPU.ActiveCfg = Release|Any CPU
		{F0988FB7-1F46-41A4-8D53-4D06DBC7F3A7}.Release|Any CPU.Build.0 = Release|Any CPU
	EndGlobalSection
	GlobalSection(SolutionProperties) = preSolution
		HideSolutionNode = FALSE
	EndGlobalSection
	GlobalSection(NestedProjects) = preSolution
		{0794999D-81AF-4E3A-ABB3-F1CC1EEFBF2A} = {AA04039A-07E0-481B-AD6A-574538C531AE}
		{D787A51F-F003-4CBE-8BD0-1C093DF45772} = {0794999D-81AF-4E3A-ABB3-F1CC1EEFBF2A}
		{61360E08-5F3E-4433-BAF0-C11712BD49D4} = {AA04039A-07E0-481B-AD6A-574538C531AE}
		{F87FE378-62FC-44AF-B96E-7459D2D53A27} = {61360E08-5F3E-4433-BAF0-C11712BD49D4}
		{9CE9F15E-790E-4CCE-A324-86E15B30CEB1} = {0794999D-81AF-4E3A-ABB3-F1CC1EEFBF2A}
		{3B502AB2-2A7A-4994-BA95-54C83A296F35} = {0794999D-81AF-4E3A-ABB3-F1CC1EEFBF2A}
		{F0988FB7-1F46-41A4-8D53-4D06DBC7F3A7} = {0794999D-81AF-4E3A-ABB3-F1CC1EEFBF2A}
	EndGlobalSection
	GlobalSection(ExtensibilityGlobals) = postSolution
		SolutionGuid = {224A91DC-B301-4A79-A280-9C8C2502653F}
	EndGlobalSection
EndGlobal
