
Microsoft Visual Studio Solution File, Format Version 12.00
# Visual Studio 15
VisualStudioVersion = 15.0.28010.0
MinimumVisualStudioVersion = 10.0.40219.1
Project("{2150E333-8FDC-42A3-9474-1A3956D46DE8}") = "src", "src", "{BDC2B9DA-00CF-4946-BF7E-40096709EF35}"
EndProject
Project("{2150E333-8FDC-42A3-9474-1A3956D46DE8}") = "services", "services", "{E6DBDDFD-D500-4730-A399-086B7427ED7F}"
EndProject
Project("{2150E333-8FDC-42A3-9474-1A3956D46DE8}") = "web", "web", "{C6D8F883-8F51-453B-8078-5CC9C8C418CD}"
EndProject
Project("{FAE04EC0-301F-11D3-BF4B-00C04F79EFBC}") = "EventCatalogAPI", "EventCatalogAPI\EventCatalogAPI.csproj", "{F1EC597D-FDE1-4A7D-A484-602E4FFC655B}"
EndProject
Global
	GlobalSection(SolutionConfigurationPlatforms) = preSolution
		Debug|Any CPU = Debug|Any CPU
		Release|Any CPU = Release|Any CPU
	EndGlobalSection
	GlobalSection(ProjectConfigurationPlatforms) = postSolution
		{F1EC597D-FDE1-4A7D-A484-602E4FFC655B}.Debug|Any CPU.ActiveCfg = Debug|Any CPU
		{F1EC597D-FDE1-4A7D-A484-602E4FFC655B}.Debug|Any CPU.Build.0 = Debug|Any CPU
		{F1EC597D-FDE1-4A7D-A484-602E4FFC655B}.Release|Any CPU.ActiveCfg = Release|Any CPU
		{F1EC597D-FDE1-4A7D-A484-602E4FFC655B}.Release|Any CPU.Build.0 = Release|Any CPU
	EndGlobalSection
	GlobalSection(SolutionProperties) = preSolution
		HideSolutionNode = FALSE
	EndGlobalSection
	GlobalSection(NestedProjects) = preSolution
		{E6DBDDFD-D500-4730-A399-086B7427ED7F} = {BDC2B9DA-00CF-4946-BF7E-40096709EF35}
		{C6D8F883-8F51-453B-8078-5CC9C8C418CD} = {BDC2B9DA-00CF-4946-BF7E-40096709EF35}
		{F1EC597D-FDE1-4A7D-A484-602E4FFC655B} = {E6DBDDFD-D500-4730-A399-086B7427ED7F}
	EndGlobalSection
	GlobalSection(ExtensibilityGlobals) = postSolution
		SolutionGuid = {F3C0F1D0-AC77-479C-B217-1895E7235731}
	EndGlobalSection
EndGlobal
