
Microsoft Visual Studio Solution File, Format Version 12.00
# Visual Studio 15
VisualStudioVersion = 15.0.28010.2046
MinimumVisualStudioVersion = 10.0.40219.1
Project("{2150E333-8FDC-42A3-9474-1A3956D46DE8}") = "src", "src", "{0F3FAED6-A304-4FA6-B8E4-C3B6805D8C22}"
EndProject
Project("{2150E333-8FDC-42A3-9474-1A3956D46DE8}") = "services", "services", "{526A3BB1-C832-4E23-8463-161C66250EDD}"
EndProject
Project("{2150E333-8FDC-42A3-9474-1A3956D46DE8}") = "web", "web", "{C33BF309-F49D-492A-9ED9-6F067BB0E1CE}"
EndProject
Project("{FAE04EC0-301F-11D3-BF4B-00C04F79EFBC}") = "EventListAPI", "EventListAPI\EventListAPI.csproj", "{B68CDD48-1AEE-4F1C-9D30-FA364E15A092}"
EndProject
Global
	GlobalSection(SolutionConfigurationPlatforms) = preSolution
		Debug|Any CPU = Debug|Any CPU
		Release|Any CPU = Release|Any CPU
	EndGlobalSection
	GlobalSection(ProjectConfigurationPlatforms) = postSolution
		{B68CDD48-1AEE-4F1C-9D30-FA364E15A092}.Debug|Any CPU.ActiveCfg = Debug|Any CPU
		{B68CDD48-1AEE-4F1C-9D30-FA364E15A092}.Debug|Any CPU.Build.0 = Debug|Any CPU
		{B68CDD48-1AEE-4F1C-9D30-FA364E15A092}.Release|Any CPU.ActiveCfg = Release|Any CPU
		{B68CDD48-1AEE-4F1C-9D30-FA364E15A092}.Release|Any CPU.Build.0 = Release|Any CPU
	EndGlobalSection
	GlobalSection(SolutionProperties) = preSolution
		HideSolutionNode = FALSE
	EndGlobalSection
	GlobalSection(NestedProjects) = preSolution
		{526A3BB1-C832-4E23-8463-161C66250EDD} = {0F3FAED6-A304-4FA6-B8E4-C3B6805D8C22}
		{C33BF309-F49D-492A-9ED9-6F067BB0E1CE} = {0F3FAED6-A304-4FA6-B8E4-C3B6805D8C22}
		{B68CDD48-1AEE-4F1C-9D30-FA364E15A092} = {526A3BB1-C832-4E23-8463-161C66250EDD}
	EndGlobalSection
	GlobalSection(ExtensibilityGlobals) = postSolution
		SolutionGuid = {7D61B5C1-70DD-4833-A371-C4316C6186F8}
	EndGlobalSection
EndGlobal
